
Microsoft Visual Studio Solution File, Format Version 12.00
# Visual Studio Version 16
VisualStudioVersion = 16.0.30413.136
MinimumVisualStudioVersion = 10.0.40219.1
Project("{8BC9CEB8-8B4A-11D0-8D11-00A0C91BC942}") = "QtUIWrapperModule", "QtUIWrapperModule.vcxproj", "{0510DB98-F1B5-4DCF-B751-DE2D7D35171D}"
EndProject
Global
	GlobalSection(SolutionConfigurationPlatforms) = preSolution
		Debug|x64 = Debug|x64
		Release|x64 = Release|x64
	EndGlobalSection
	GlobalSection(ProjectConfigurationPlatforms) = postSolution
		{0510DB98-F1B5-4DCF-B751-DE2D7D35171D}.Debug|x64.ActiveCfg = Debug|x64
		{0510DB98-F1B5-4DCF-B751-DE2D7D35171D}.Debug|x64.Build.0 = Debug|x64
		{0510DB98-F1B5-4DCF-B751-DE2D7D35171D}.Release|x64.ActiveCfg = Release|x64
		{0510DB98-F1B5-4DCF-B751-DE2D7D35171D}.Release|x64.Build.0 = Release|x64
	EndGlobalSection
	GlobalSection(SolutionProperties) = preSolution
		HideSolutionNode = FALSE
	EndGlobalSection
	GlobalSection(ExtensibilityGlobals) = postSolution
		SolutionGuid = {9A2EA367-953F-403F-B37E-3ADE7B26F4D8}
	EndGlobalSection
EndGlobal
